
Microsoft Visual Studio Solution File, Format Version 12.00
# Visual Studio Version 16
VisualStudioVersion = 16.0.33130.400
MinimumVisualStudioVersion = 10.0.40219.1
Project("{FAE04EC0-301F-11D3-BF4B-00C04F79EFBC}") = "LibraryAppConcept", "LibraryAppConcept\LibraryAppConcept.csproj", "{9756728C-05FD-46D0-BA84-473B5A0979E3}"
EndProject
Global
	GlobalSection(SolutionConfigurationPlatforms) = preSolution
		Debug|Any CPU = Debug|Any CPU
		Release|Any CPU = Release|Any CPU
	EndGlobalSection
	GlobalSection(ProjectConfigurationPlatforms) = postSolution
		{9756728C-05FD-46D0-BA84-473B5A0979E3}.Debug|Any CPU.ActiveCfg = Debug|Any CPU
		{9756728C-05FD-46D0-BA84-473B5A0979E3}.Debug|Any CPU.Build.0 = Debug|Any CPU
		{9756728C-05FD-46D0-BA84-473B5A0979E3}.Release|Any CPU.ActiveCfg = Release|Any CPU
		{9756728C-05FD-46D0-BA84-473B5A0979E3}.Release|Any CPU.Build.0 = Release|Any CPU
	EndGlobalSection
	GlobalSection(SolutionProperties) = preSolution
		HideSolutionNode = FALSE
	EndGlobalSection
	GlobalSection(ExtensibilityGlobals) = postSolution
		SolutionGuid = {7DB00606-0369-4721-9BBE-A1BCD498DD77}
	EndGlobalSection
EndGlobal
